
Microsoft Visual Studio Solution File, Format Version 12.00
# Visual Studio Version 16
VisualStudioVersion = 16.0.29403.142
MinimumVisualStudioVersion = 10.0.40219.1
Project("{FAE04EC0-301F-11D3-BF4B-00C04F79EFBC}") = "ConsoleApp1", "ConsoleApp1\ConsoleApp1.csproj", "{ABDDF01D-A909-4815-8E71-25F312DC8A1E}"
EndProject
Global
	GlobalSection(SolutionConfigurationPlatforms) = preSolution
		Debug|Any CPU = Debug|Any CPU
		Release|Any CPU = Release|Any CPU
	EndGlobalSection
	GlobalSection(ProjectConfigurationPlatforms) = postSolution
		{ABDDF01D-A909-4815-8E71-25F312DC8A1E}.Debug|Any CPU.ActiveCfg = Debug|Any CPU
		{ABDDF01D-A909-4815-8E71-25F312DC8A1E}.Debug|Any CPU.Build.0 = Debug|Any CPU
		{ABDDF01D-A909-4815-8E71-25F312DC8A1E}.Release|Any CPU.ActiveCfg = Release|Any CPU
		{ABDDF01D-A909-4815-8E71-25F312DC8A1E}.Release|Any CPU.Build.0 = Release|Any CPU
	EndGlobalSection
	GlobalSection(SolutionProperties) = preSolution
		HideSolutionNode = FALSE
	EndGlobalSection
	GlobalSection(ExtensibilityGlobals) = postSolution
		SolutionGuid = {424122CC-48A5-47E2-869E-998DA8F49ABC}
	EndGlobalSection
EndGlobal
